
Microsoft Visual Studio Solution File, Format Version 12.00
# Visual Studio Version 16
VisualStudioVersion = 16.0.31005.135
MinimumVisualStudioVersion = 10.0.40219.1
Project("{FAE04EC0-301F-11D3-BF4B-00C04F79EFBC}") = "One-Time Pad", "One-Time Pad\One-Time Pad.csproj", "{D48A5CE4-0A93-4B14-B160-CBDAB533F54A}"
EndProject
Global
	GlobalSection(SolutionConfigurationPlatforms) = preSolution
		Debug|Any CPU = Debug|Any CPU
		Release|Any CPU = Release|Any CPU
	EndGlobalSection
	GlobalSection(ProjectConfigurationPlatforms) = postSolution
		{D48A5CE4-0A93-4B14-B160-CBDAB533F54A}.Debug|Any CPU.ActiveCfg = Debug|Any CPU
		{D48A5CE4-0A93-4B14-B160-CBDAB533F54A}.Debug|Any CPU.Build.0 = Debug|Any CPU
		{D48A5CE4-0A93-4B14-B160-CBDAB533F54A}.Release|Any CPU.ActiveCfg = Release|Any CPU
		{D48A5CE4-0A93-4B14-B160-CBDAB533F54A}.Release|Any CPU.Build.0 = Release|Any CPU
	EndGlobalSection
	GlobalSection(SolutionProperties) = preSolution
		HideSolutionNode = FALSE
	EndGlobalSection
	GlobalSection(ExtensibilityGlobals) = postSolution
		SolutionGuid = {B434ACF4-7ED5-4172-9946-4DBB7D8CB254}
	EndGlobalSection
EndGlobal
